// !$*UTF8*$!
{
	archiveVersion = 1;
	classes = {
	};
	objectVersion = 46;
	objects = {

/* Begin PBXBuildFile section */
		E83A62EA1A675CB100BB21E6 /* GoodWonViewController.swift in Sources */ = {isa = PBXBuildFile; fileRef = E83A62E91A675CB100BB21E6 /* GoodWonViewController.swift */; };
		E83A62EC1A675D9200BB21E6 /* BadWonViewController.swift in Sources */ = {isa = PBXBuildFile; fileRef = E83A62EB1A675D9200BB21E6 /* BadWonViewController.swift */; };
		E8D2C29B1A673E48003D0D1A /* AppDelegate.swift in Sources */ = {isa = PBXBuildFile; fileRef = E8D2C29A1A673E48003D0D1A /* AppDelegate.swift */; };
		E8D2C29D1A673E48003D0D1A /* ViewController.swift in Sources */ = {isa = PBXBuildFile; fileRef = E8D2C29C1A673E48003D0D1A /* ViewController.swift */; };
		E8D2C2A01A673E48003D0D1A /* Main.storyboard in Resources */ = {isa = PBXBuildFile; fileRef = E8D2C29E1A673E48003D0D1A /* Main.storyboard */; };
		E8D2C2A21A673E48003D0D1A /* Images.xcassets in Resources */ = {isa = PBXBuildFile; fileRef = E8D2C2A11A673E48003D0D1A /* Images.xcassets */; };
		E8D2C2A51A673E48003D0D1A /* LaunchScreen.xib in Resources */ = {isa = PBXBuildFile; fileRef = E8D2C2A31A673E48003D0D1A /* LaunchScreen.xib */; };
		E8D2C2B11A673E49003D0D1A /* FightClubTests.swift in Sources */ = {isa = PBXBuildFile; fileRef = E8D2C2B01A673E49003D0D1A /* FightClubTests.swift */; };
		E8D2C2BB1A673E80003D0D1A /* FightClubClass.swift in Sources */ = {isa = PBXBuildFile; fileRef = E8D2C2BA1A673E80003D0D1A /* FightClubClass.swift */; };
		E8D2C2BD1A675323003D0D1A /* MatchViewController.swift in Sources */ = {isa = PBXBuildFile; fileRef = E8D2C2BC1A675323003D0D1A /* MatchViewController.swift */; };
/* End PBXBuildFile section */

/* Begin PBXContainerItemProxy section */
		E8D2C2AB1A673E49003D0D1A /* PBXContainerItemProxy */ = {
			isa = PBXContainerItemProxy;
			containerPortal = E8D2C28D1A673E48003D0D1A /* Project object */;
			proxyType = 1;
			remoteGlobalIDString = E8D2C2941A673E48003D0D1A;
			remoteInfo = FightClub;
		};
/* End PBXContainerItemProxy section */

/* Begin PBXFileReference section */
		E83A62E91A675CB100BB21E6 /* GoodWonViewController.swift */ = {isa = PBXFileReference; fileEncoding = 4; lastKnownFileType = sourcecode.swift; path = GoodWonViewController.swift; sourceTree = "<group>"; };
		E83A62EB1A675D9200BB21E6 /* BadWonViewController.swift */ = {isa = PBXFileReference; fileEncoding = 4; lastKnownFileType = sourcecode.swift; path = BadWonViewController.swift; sourceTree = "<group>"; };
		E8D2C2951A673E48003D0D1A /* FightClub.app */ = {isa = PBXFileReference; explicitFileType = wrapper.application; includeInIndex = 0; path = FightClub.app; sourceTree = BUILT_PRODUCTS_DIR; };
		E8D2C2991A673E48003D0D1A /* Info.plist */ = {isa = PBXFileReference; lastKnownFileType = text.plist.xml; path = Info.plist; sourceTree = "<group>"; };
		E8D2C29A1A673E48003D0D1A /* AppDelegate.swift */ = {isa = PBXFileReference; lastKnownFileType = sourcecode.swift; path = AppDelegate.swift; sourceTree = "<group>"; };
		E8D2C29C1A673E48003D0D1A /* ViewController.swift */ = {isa = PBXFileReference; lastKnownFileType = sourcecode.swift; path = ViewController.swift; sourceTree = "<group>"; };
		E8D2C29F1A673E48003D0D1A /* Base */ = {isa = PBXFileReference; lastKnownFileType = file.storyboard; name = Base; path = Base.lproj/Main.storyboard; sourceTree = "<group>"; };
		E8D2C2A11A673E48003D0D1A /* Images.xcassets */ = {isa = PBXFileReference; lastKnownFileType = folder.assetcatalog; path = Images.xcassets; sourceTree = "<group>"; };
		E8D2C2A41A673E48003D0D1A /* Base */ = {isa = PBXFileReference; lastKnownFileType = file.xib; name = Base; path = Base.lproj/LaunchScreen.xib; sourceTree = "<group>"; };
		E8D2C2AA1A673E49003D0D1A /* FightClubTests.xctest */ = {isa = PBXFileReference; explicitFileType = wrapper.cfbundle; includeInIndex = 0; path = FightClubTests.xctest; sourceTree = BUILT_PRODUCTS_DIR; };
		E8D2C2AF1A673E49003D0D1A /* Info.plist */ = {isa = PBXFileReference; lastKnownFileType = text.plist.xml; path = Info.plist; sourceTree = "<group>"; };
		E8D2C2B01A673E49003D0D1A /* FightClubTests.swift */ = {isa = PBXFileReference; lastKnownFileType = sourcecode.swift; path = FightClubTests.swift; sourceTree = "<group>"; };
		E8D2C2BA1A673E80003D0D1A /* FightClubClass.swift */ = {isa = PBXFileReference; fileEncoding = 4; lastKnownFileType = sourcecode.swift; path = FightClubClass.swift; sourceTree = "<group>"; };
		E8D2C2BC1A675323003D0D1A /* MatchViewController.swift */ = {isa = PBXFileReference; fileEncoding = 4; lastKnownFileType = sourcecode.swift; path = MatchViewController.swift; sourceTree = "<group>"; };
/* End PBXFileReference section */

/* Begin PBXFrameworksBuildPhase section */
		E8D2C2921A673E48003D0D1A /* Frameworks */ = {
			isa = PBXFrameworksBuildPhase;
			buildActionMask = 2147483647;
			files = (
			);
			runOnlyForDeploymentPostprocessing = 0;
		};
		E8D2C2A71A673E49003D0D1A /* Frameworks */ = {
			isa = PBXFrameworksBuildPhase;
			buildActionMask = 2147483647;
			files = (
			);
			runOnlyForDeploymentPostprocessing = 0;
		};
/* End PBXFrameworksBuildPhase section */

/* Begin PBXGroup section */
		E8D2C28C1A673E48003D0D1A = {
			isa = PBXGroup;
			children = (
				E8D2C2971A673E48003D0D1A /* FightClub */,
				E8D2C2AD1A673E49003D0D1A /* FightClubTests */,
				E8D2C2961A673E48003D0D1A /* Products */,
			);
			sourceTree = "<group>";
		};
		E8D2C2961A673E48003D0D1A /* Products */ = {
			isa = PBXGroup;
			children = (
				E8D2C2951A673E48003D0D1A /* FightClub.app */,
				E8D2C2AA1A673E49003D0D1A /* FightClubTests.xctest */,
			);
			name = Products;
			sourceTree = "<group>";
		};
		E8D2C2971A673E48003D0D1A /* FightClub */ = {
			isa = PBXGroup;
			children = (
				E8D2C29A1A673E48003D0D1A /* AppDelegate.swift */,
				E8D2C29C1A673E48003D0D1A /* ViewController.swift */,
				E8D2C29E1A673E48003D0D1A /* Main.storyboard */,
				E83A62EB1A675D9200BB21E6 /* BadWonViewController.swift */,
				E83A62E91A675CB100BB21E6 /* GoodWonViewController.swift */,
				E8D2C2A11A673E48003D0D1A /* Images.xcassets */,
				E8D2C2A31A673E48003D0D1A /* LaunchScreen.xib */,
				E8D2C2981A673E48003D0D1A /* Supporting Files */,
				E8D2C2BA1A673E80003D0D1A /* FightClubClass.swift */,
				E8D2C2BC1A675323003D0D1A /* MatchViewController.swift */,
			);
			path = FightClub;
			sourceTree = "<group>";
		};
		E8D2C2981A673E48003D0D1A /* Supporting Files */ = {
			isa = PBXGroup;
			children = (
				E8D2C2991A673E48003D0D1A /* Info.plist */,
			);
			name = "Supporting Files";
			sourceTree = "<group>";
		};
		E8D2C2AD1A673E49003D0D1A /* FightClubTests */ = {
			isa = PBXGroup;
			children = (
				E8D2C2B01A673E49003D0D1A /* FightClubTests.swift */,
				E8D2C2AE1A673E49003D0D1A /* Supporting Files */,
			);
			path = FightClubTests;
			sourceTree = "<group>";
		};
		E8D2C2AE1A673E49003D0D1A /* Supporting Files */ = {
			isa = PBXGroup;
			children = (
				E8D2C2AF1A673E49003D0D1A /* Info.plist */,
			);
			name = "Supporting Files";
			sourceTree = "<group>";
		};
/* End PBXGroup section */

/* Begin PBXNativeTarget section */
		E8D2C2941A673E48003D0D1A /* FightClub */ = {
			isa = PBXNativeTarget;
			buildConfigurationList = E8D2C2B41A673E49003D0D1A /* Build configuration list for PBXNativeTarget "FightClub" */;
			buildPhases = (
				E8D2C2911A673E48003D0D1A /* Sources */,
				E8D2C2921A673E48003D0D1A /* Frameworks */,
				E8D2C2931A673E48003D0D1A /* Resources */,
			);
			buildRules = (
			);
			dependencies = (
			);
			name = FightClub;
			productName = FightClub;
			productReference = E8D2C2951A673E48003D0D1A /* FightClub.app */;
			productType = "com.apple.product-type.application";
		};
		E8D2C2A91A673E49003D0D1A /* FightClubTests */ = {
			isa = PBXNativeTarget;
			buildConfigurationList = E8D2C2B71A673E49003D0D1A /* Build configuration list for PBXNativeTarget "FightClubTests" */;
			buildPhases = (
				E8D2C2A61A673E49003D0D1A /* Sources */,
				E8D2C2A71A673E49003D0D1A /* Frameworks */,
				E8D2C2A81A673E49003D0D1A /* Resources */,
			);
			buildRules = (
			);
			dependencies = (
				E8D2C2AC1A673E49003D0D1A /* PBXTargetDependency */,
			);
			name = FightClubTests;
			productName = FightClubTests;
			productReference = E8D2C2AA1A673E49003D0D1A /* FightClubTests.xctest */;
			productType = "com.apple.product-type.bundle.unit-test";
		};
/* End PBXNativeTarget section */

/* Begin PBXProject section */
		E8D2C28D1A673E48003D0D1A /* Project object */ = {
			isa = PBXProject;
			attributes = {
				LastUpgradeCheck = 0610;
				ORGANIZATIONNAME = "Angel S. Moreno";
				TargetAttributes = {
					E8D2C2941A673E48003D0D1A = {
						CreatedOnToolsVersion = 6.1.1;
					};
					E8D2C2A91A673E49003D0D1A = {
						CreatedOnToolsVersion = 6.1.1;
						TestTargetID = E8D2C2941A673E48003D0D1A;
					};
				};
			};
			buildConfigurationList = E8D2C2901A673E48003D0D1A /* Build configuration list for PBXProject "FightClub" */;
			compatibilityVersion = "Xcode 3.2";
			developmentRegion = English;
			hasScannedForEncodings = 0;
			knownRegions = (
				en,
				Base,
			);
			mainGroup = E8D2C28C1A673E48003D0D1A;
			productRefGroup = E8D2C2961A673E48003D0D1A /* Products */;
			projectDirPath = "";
			projectRoot = "";
			targets = (
				E8D2C2941A673E48003D0D1A /* FightClub */,
				E8D2C2A91A673E49003D0D1A /* FightClubTests */,
			);
		};
/* End PBXProject section */

/* Begin PBXResourcesBuildPhase section */
		E8D2C2931A673E48003D0D1A /* Resources */ = {
			isa = PBXResourcesBuildPhase;
			buildActionMask = 2147483647;
			files = (
				E8D2C2A01A673E48003D0D1A /* Main.storyboard in Resources */,
				E8D2C2A51A673E48003D0D1A /* LaunchScreen.xib in Resources */,
				E8D2C2A21A673E48003D0D1A /* Images.xcassets in Resources */,
			);
			runOnlyForDeploymentPostprocessing = 0;
		};
		E8D2C2A81A673E49003D0D1A /* Resources */ = {
			isa = PBXResourcesBuildPhase;
			buildActionMask = 2147483647;
			files = (
			);
			runOnlyForDeploymentPostprocessing = 0;
		};
/* End PBXResourcesBuildPhase section */

/* Begin PBXSourcesBuildPhase section */
		E8D2C2911A673E48003D0D1A /* Sources */ = {
			isa = PBXSourcesBuildPhase;
			buildActionMask = 2147483647;
			files = (
				E83A62EA1A675CB100BB21E6 /* GoodWonViewController.swift in Sources */,
				E8D2C2BD1A675323003D0D1A /* MatchViewController.swift in Sources */,
				E8D2C2BB1A673E80003D0D1A /* FightClubClass.swift in Sources */,
				E8D2C29D1A673E48003D0D1A /* ViewController.swift in Sources */,
				E8D2C29B1A673E48003D0D1A /* AppDelegate.swift in Sources */,
				E83A62EC1A675D9200BB21E6 /* BadWonViewController.swift in Sources */,
			);
			runOnlyForDeploymentPostprocessing = 0;
		};
		E8D2C2A61A673E49003D0D1A /* Sources */ = {
			isa = PBXSourcesBuildPhase;
			buildActionMask = 2147483647;
			files = (
				E8D2C2B11A673E49003D0D1A /* FightClubTests.swift in Sources */,
			);
			runOnlyForDeploymentPostprocessing = 0;
		};
/* End PBXSourcesBuildPhase section */

/* Begin PBXTargetDependency section */
		E8D2C2AC1A673E49003D0D1A /* PBXTargetDependency */ = {
			isa = PBXTargetDependency;
			target = E8D2C2941A673E48003D0D1A /* FightClub */;
			targetProxy = E8D2C2AB1A673E49003D0D1A /* PBXContainerItemProxy */;
		};
/* End PBXTargetDependency section */

/* Begin PBXVariantGroup section */
		E8D2C29E1A673E48003D0D1A /* Main.storyboard */ = {
			isa = PBXVariantGroup;
			children = (
				E8D2C29F1A673E48003D0D1A /* Base */,
			);
			name = Main.storyboard;
			sourceTree = "<group>";
		};
		E8D2C2A31A673E48003D0D1A /* LaunchScreen.xib */ = {
			isa = PBXVariantGroup;
			children = (
				E8D2C2A41A673E48003D0D1A /* Base */,
			);
			name = LaunchScreen.xib;
			sourceTree = "<group>";
		};
/* End PBXVariantGroup section */

/* Begin XCBuildConfiguration section */
		E8D2C2B21A673E49003D0D1A /* Debug */ = {
			isa = XCBuildConfiguration;
			buildSettings = {
				ALWAYS_SEARCH_USER_PATHS = NO;
				CLANG_CXX_LANGUAGE_STANDARD = "gnu++0x";
				CLANG_CXX_LIBRARY = "libc++";
				CLANG_ENABLE_MODULES = YES;
				CLANG_ENABLE_OBJC_ARC = YES;
				CLANG_WARN_BOOL_CONVERSION = YES;
				CLANG_WARN_CONSTANT_CONVERSION = YES;
				CLANG_WARN_DIRECT_OBJC_ISA_USAGE = YES_ERROR;
				CLANG_WARN_EMPTY_BODY = YES;
				CLANG_WARN_ENUM_CONVERSION = YES;
				CLANG_WARN_INT_CONVERSION = YES;
				CLANG_WARN_OBJC_ROOT_CLASS = YES_ERROR;
				CLANG_WARN_UNREACHABLE_CODE = YES;
				CLANG_WARN__DUPLICATE_METHOD_MATCH = YES;
				"CODE_SIGN_IDENTITY[sdk=iphoneos*]" = "iPhone Developer";
				COPY_PHASE_STRIP = NO;
				ENABLE_STRICT_OBJC_MSGSEND = YES;
				GCC_C_LANGUAGE_STANDARD = gnu99;
				GCC_DYNAMIC_NO_PIC = NO;
				GCC_OPTIMIZATION_LEVEL = 0;
				GCC_PREPROCESSOR_DEFINITIONS = (
					"DEBUG=1",
					"$(inherited)",
				);
				GCC_SYMBOLS_PRIVATE_EXTERN = NO;
				GCC_WARN_64_TO_32_BIT_CONVERSION = YES;
				GCC_WARN_ABOUT_RETURN_TYPE = YES_ERROR;
				GCC_WARN_UNDECLARED_SELECTOR = YES;
				GCC_WARN_UNINITIALIZED_AUTOS = YES_AGGRESSIVE;
				GCC_WARN_UNUSED_FUNCTION = YES;
				GCC_WARN_UNUSED_VARIABLE = YES;
				IPHONEOS_DEPLOYMENT_TARGET = 8.1;
				MTL_ENABLE_DEBUG_INFO = YES;
				ONLY_ACTIVE_ARCH = YES;
				SDKROOT = iphoneos;
				SWIFT_OPTIMIZATION_LEVEL = "-Onone";
			};
			name = Debug;
		};
		E8D2C2B31A673E49003D0D1A /* Release */ = {
			isa = XCBuildConfiguration;
			buildSettings = {
				ALWAYS_SEARCH_USER_PATHS = NO;
				CLANG_CXX_LANGUAGE_STANDARD = "gnu++0x";
				CLANG_CXX_LIBRARY = "libc++";
				CLANG_ENABLE_MODULES = YES;
				CLANG_ENABLE_OBJC_ARC = YES;
				CLANG_WARN_BOOL_CONVERSION = YES;
				CLANG_WARN_CONSTANT_CONVERSION = YES;
				CLANG_WARN_DIRECT_OBJC_ISA_USAGE = YES_ERROR;
				CLANG_WARN_EMPTY_BODY = YES;
				CLANG_WARN_ENUM_CONVERSION = YES;
				CLANG_WARN_INT_CONVERSION = YES;
				CLANG_WARN_OBJC_ROOT_CLASS = YES_ERROR;
				CLANG_WARN_UNREACHABLE_CODE = YES;
				CLANG_WARN__DUPLICATE_METHOD_MATCH = YES;
				"CODE_SIGN_IDENTITY[sdk=iphoneos*]" = "iPhone Developer";
				COPY_PHASE_STRIP = YES;
				ENABLE_NS_ASSERTIONS = NO;
				ENABLE_STRICT_OBJC_MSGSEND = YES;
				GCC_C_LANGUAGE_STANDARD = gnu99;
				GCC_WARN_64_TO_32_BIT_CONVERSION = YES;
				GCC_WARN_ABOUT_RETURN_TYPE = YES_ERROR;
				GCC_WARN_UNDECLARED_SELECTOR = YES;
				GCC_WARN_UNINITIALIZED_AUTOS = YES_AGGRESSIVE;
				GCC_WARN_UNUSED_FUNCTION = YES;
				GCC_WARN_UNUSED_VARIABLE = YES;
				IPHONEOS_DEPLOYMENT_TARGET = 8.1;
				MTL_ENABLE_DEBUG_INFO = NO;
				SDKROOT = iphoneos;
				VALIDATE_PRODUCT = YES;
			};
			name = Release;
		};
		E8D2C2B51A673E49003D0D1A /* Debug */ = {
			isa = XCBuildConfiguration;
			buildSettings = {
				ASSETCATALOG_COMPILER_APPICON_NAME = AppIcon;
				INFOPLIST_FILE = FightClub/Info.plist;
				LD_RUNPATH_SEARCH_PATHS = "$(inherited) @executable_path/Frameworks";
				PRODUCT_NAME = "$(TARGET_NAME)";
			};
			name = Debug;
		};
		E8D2C2B61A673E49003D0D1A /* Release */ = {
			isa = XCBuildConfiguration;
			buildSettings = {
				ASSETCATALOG_COMPILER_APPICON_NAME = AppIcon;
				INFOPLIST_FILE = FightClub/Info.plist;
				LD_RUNPATH_SEARCH_PATHS = "$(inherited) @executable_path/Frameworks";
				PRODUCT_NAME = "$(TARGET_NAME)";
			};
			name = Release;
		};
		E8D2C2B81A673E49003D0D1A /* Debug */ = {
			isa = XCBuildConfiguration;
			buildSettings = {
				BUNDLE_LOADER = "$(TEST_HOST)";
				FRAMEWORK_SEARCH_PATHS = (
					"$(SDKROOT)/Developer/Library/Frameworks",
					"$(inherited)",
				);
				GCC_PREPROCESSOR_DEFINITIONS = (
					"DEBUG=1",
					"$(inherited)",
				);
				INFOPLIST_FILE = FightClubTests/Info.plist;
				LD_RUNPATH_SEARCH_PATHS = "$(inherited) @executable_path/Frameworks @loader_path/Frameworks";
				PRODUCT_NAME = "$(TARGET_NAME)";
				TEST_HOST = "$(BUILT_PRODUCTS_DIR)/FightClub.app/FightClub";
			};
			name = Debug;
		};
		E8D2C2B91A673E49003D0D1A /* Release */ = {
			isa = XCBuildConfiguration;
			buildSettings = {
				BUNDLE_LOADER = "$(TEST_HOST)";
				FRAMEWORK_SEARCH_PATHS = (
					"$(SDKROOT)/Developer/Library/Frameworks",
					"$(inherited)",
				);
				INFOPLIST_FILE = FightClubTests/Info.plist;
				LD_RUNPATH_SEARCH_PATHS = "$(inherited) @executable_path/Frameworks @loader_path/Frameworks";
				PRODUCT_NAME = "$(TARGET_NAME)";
				TEST_HOST = "$(BUILT_PRODUCTS_DIR)/FightClub.app/FightClub";
			};
			name = Release;
		};
/* End XCBuildConfiguration section */

/* Begin XCConfigurationList section */
		E8D2C2901A673E48003D0D1A /* Build configuration list for PBXProject "FightClub" */ = {
			isa = XCConfigurationList;
			buildConfigurations = (
				E8D2C2B21A673E49003D0D1A /* Debug */,
				E8D2C2B31A673E49003D0D1A /* Release */,
			);
			defaultConfigurationIsVisible = 0;
			defaultConfigurationName = Release;
		};
		E8D2C2B41A673E49003D0D1A /* Build configuration list for PBXNativeTarget "FightClub" */ = {
			isa = XCConfigurationList;
			buildConfigurations = (
				E8D2C2B51A673E49003D0D1A /* Debug */,
				E8D2C2B61A673E49003D0D1A /* Release */,
			);
			defaultConfigurationIsVisible = 0;
			defaultConfigurationName = Release;
		};
		E8D2C2B71A673E49003D0D1A /* Build configuration list for PBXNativeTarget "FightClubTests" */ = {
			isa = XCConfigurationList;
			buildConfigurations = (
				E8D2C2B81A673E49003D0D1A /* Debug */,
				E8D2C2B91A673E49003D0D1A /* Release */,
			);
			defaultConfigurationIsVisible = 0;
			defaultConfigurationName = Release;
		};
/* End XCConfigurationList section */
	};
	rootObject = E8D2C28D1A673E48003D0D1A /* Project object */;
}
