// !$*UTF8*$!
{
	archiveVersion = 1;
	classes = {
	};
	objectVersion = 46;
	objects = {

/* Begin PBXBuildFile section */
		E856048D1A805A1800946735 /* AppDelegate.swift in Sources */ = {isa = PBXBuildFile; fileRef = E856048C1A805A1800946735 /* AppDelegate.swift */; };
		E856048F1A805A1800946735 /* ViewController.swift in Sources */ = {isa = PBXBuildFile; fileRef = E856048E1A805A1800946735 /* ViewController.swift */; };
		E85604921A805A1800946735 /* Main.storyboard in Resources */ = {isa = PBXBuildFile; fileRef = E85604901A805A1800946735 /* Main.storyboard */; };
		E85604941A805A1800946735 /* Images.xcassets in Resources */ = {isa = PBXBuildFile; fileRef = E85604931A805A1800946735 /* Images.xcassets */; };
		E85604971A805A1800946735 /* LaunchScreen.xib in Resources */ = {isa = PBXBuildFile; fileRef = E85604951A805A1800946735 /* LaunchScreen.xib */; };
		E85604A31A805A1800946735 /* Assingment_9Tests.swift in Sources */ = {isa = PBXBuildFile; fileRef = E85604A21A805A1800946735 /* Assingment_9Tests.swift */; };
/* End PBXBuildFile section */

/* Begin PBXContainerItemProxy section */
		E856049D1A805A1800946735 /* PBXContainerItemProxy */ = {
			isa = PBXContainerItemProxy;
			containerPortal = E856047F1A805A1800946735 /* Project object */;
			proxyType = 1;
			remoteGlobalIDString = E85604861A805A1800946735;
			remoteInfo = "Assingment 9";
		};
/* End PBXContainerItemProxy section */

/* Begin PBXFileReference section */
		E85604871A805A1800946735 /* Assingment 9.app */ = {isa = PBXFileReference; explicitFileType = wrapper.application; includeInIndex = 0; path = "Assingment 9.app"; sourceTree = BUILT_PRODUCTS_DIR; };
		E856048B1A805A1800946735 /* Info.plist */ = {isa = PBXFileReference; lastKnownFileType = text.plist.xml; path = Info.plist; sourceTree = "<group>"; };
		E856048C1A805A1800946735 /* AppDelegate.swift */ = {isa = PBXFileReference; lastKnownFileType = sourcecode.swift; path = AppDelegate.swift; sourceTree = "<group>"; };
		E856048E1A805A1800946735 /* ViewController.swift */ = {isa = PBXFileReference; lastKnownFileType = sourcecode.swift; path = ViewController.swift; sourceTree = "<group>"; };
		E85604911A805A1800946735 /* Base */ = {isa = PBXFileReference; lastKnownFileType = file.storyboard; name = Base; path = Base.lproj/Main.storyboard; sourceTree = "<group>"; };
		E85604931A805A1800946735 /* Images.xcassets */ = {isa = PBXFileReference; lastKnownFileType = folder.assetcatalog; path = Images.xcassets; sourceTree = "<group>"; };
		E85604961A805A1800946735 /* Base */ = {isa = PBXFileReference; lastKnownFileType = file.xib; name = Base; path = Base.lproj/LaunchScreen.xib; sourceTree = "<group>"; };
		E856049C1A805A1800946735 /* Assingment 9Tests.xctest */ = {isa = PBXFileReference; explicitFileType = wrapper.cfbundle; includeInIndex = 0; path = "Assingment 9Tests.xctest"; sourceTree = BUILT_PRODUCTS_DIR; };
		E85604A11A805A1800946735 /* Info.plist */ = {isa = PBXFileReference; lastKnownFileType = text.plist.xml; path = Info.plist; sourceTree = "<group>"; };
		E85604A21A805A1800946735 /* Assingment_9Tests.swift */ = {isa = PBXFileReference; lastKnownFileType = sourcecode.swift; path = Assingment_9Tests.swift; sourceTree = "<group>"; };
/* End PBXFileReference section */

/* Begin PBXFrameworksBuildPhase section */
		E85604841A805A1800946735 /* Frameworks */ = {
			isa = PBXFrameworksBuildPhase;
			buildActionMask = 2147483647;
			files = (
			);
			runOnlyForDeploymentPostprocessing = 0;
		};
		E85604991A805A1800946735 /* Frameworks */ = {
			isa = PBXFrameworksBuildPhase;
			buildActionMask = 2147483647;
			files = (
			);
			runOnlyForDeploymentPostprocessing = 0;
		};
/* End PBXFrameworksBuildPhase section */

/* Begin PBXGroup section */
		E856047E1A805A1800946735 = {
			isa = PBXGroup;
			children = (
				E85604891A805A1800946735 /* Assingment 9 */,
				E856049F1A805A1800946735 /* Assingment 9Tests */,
				E85604881A805A1800946735 /* Products */,
			);
			sourceTree = "<group>";
		};
		E85604881A805A1800946735 /* Products */ = {
			isa = PBXGroup;
			children = (
				E85604871A805A1800946735 /* Assingment 9.app */,
				E856049C1A805A1800946735 /* Assingment 9Tests.xctest */,
			);
			name = Products;
			sourceTree = "<group>";
		};
		E85604891A805A1800946735 /* Assingment 9 */ = {
			isa = PBXGroup;
			children = (
				E856048C1A805A1800946735 /* AppDelegate.swift */,
				E856048E1A805A1800946735 /* ViewController.swift */,
				E85604901A805A1800946735 /* Main.storyboard */,
				E85604931A805A1800946735 /* Images.xcassets */,
				E85604951A805A1800946735 /* LaunchScreen.xib */,
				E856048A1A805A1800946735 /* Supporting Files */,
			);
			path = "Assingment 9";
			sourceTree = "<group>";
		};
		E856048A1A805A1800946735 /* Supporting Files */ = {
			isa = PBXGroup;
			children = (
				E856048B1A805A1800946735 /* Info.plist */,
			);
			name = "Supporting Files";
			sourceTree = "<group>";
		};
		E856049F1A805A1800946735 /* Assingment 9Tests */ = {
			isa = PBXGroup;
			children = (
				E85604A21A805A1800946735 /* Assingment_9Tests.swift */,
				E85604A01A805A1800946735 /* Supporting Files */,
			);
			path = "Assingment 9Tests";
			sourceTree = "<group>";
		};
		E85604A01A805A1800946735 /* Supporting Files */ = {
			isa = PBXGroup;
			children = (
				E85604A11A805A1800946735 /* Info.plist */,
			);
			name = "Supporting Files";
			sourceTree = "<group>";
		};
/* End PBXGroup section */

/* Begin PBXNativeTarget section */
		E85604861A805A1800946735 /* Assingment 9 */ = {
			isa = PBXNativeTarget;
			buildConfigurationList = E85604A61A805A1800946735 /* Build configuration list for PBXNativeTarget "Assingment 9" */;
			buildPhases = (
				E85604831A805A1800946735 /* Sources */,
				E85604841A805A1800946735 /* Frameworks */,
				E85604851A805A1800946735 /* Resources */,
			);
			buildRules = (
			);
			dependencies = (
			);
			name = "Assingment 9";
			productName = "Assingment 9";
			productReference = E85604871A805A1800946735 /* Assingment 9.app */;
			productType = "com.apple.product-type.application";
		};
		E856049B1A805A1800946735 /* Assingment 9Tests */ = {
			isa = PBXNativeTarget;
			buildConfigurationList = E85604A91A805A1800946735 /* Build configuration list for PBXNativeTarget "Assingment 9Tests" */;
			buildPhases = (
				E85604981A805A1800946735 /* Sources */,
				E85604991A805A1800946735 /* Frameworks */,
				E856049A1A805A1800946735 /* Resources */,
			);
			buildRules = (
			);
			dependencies = (
				E856049E1A805A1800946735 /* PBXTargetDependency */,
			);
			name = "Assingment 9Tests";
			productName = "Assingment 9Tests";
			productReference = E856049C1A805A1800946735 /* Assingment 9Tests.xctest */;
			productType = "com.apple.product-type.bundle.unit-test";
		};
/* End PBXNativeTarget section */

/* Begin PBXProject section */
		E856047F1A805A1800946735 /* Project object */ = {
			isa = PBXProject;
			attributes = {
				LastUpgradeCheck = 0610;
				ORGANIZATIONNAME = "Angel S. Moreno";
				TargetAttributes = {
					E85604861A805A1800946735 = {
						CreatedOnToolsVersion = 6.1.1;
					};
					E856049B1A805A1800946735 = {
						CreatedOnToolsVersion = 6.1.1;
						TestTargetID = E85604861A805A1800946735;
					};
				};
			};
			buildConfigurationList = E85604821A805A1800946735 /* Build configuration list for PBXProject "Assingment 9" */;
			compatibilityVersion = "Xcode 3.2";
			developmentRegion = English;
			hasScannedForEncodings = 0;
			knownRegions = (
				en,
				Base,
			);
			mainGroup = E856047E1A805A1800946735;
			productRefGroup = E85604881A805A1800946735 /* Products */;
			projectDirPath = "";
			projectRoot = "";
			targets = (
				E85604861A805A1800946735 /* Assingment 9 */,
				E856049B1A805A1800946735 /* Assingment 9Tests */,
			);
		};
/* End PBXProject section */

/* Begin PBXResourcesBuildPhase section */
		E85604851A805A1800946735 /* Resources */ = {
			isa = PBXResourcesBuildPhase;
			buildActionMask = 2147483647;
			files = (
				E85604921A805A1800946735 /* Main.storyboard in Resources */,
				E85604971A805A1800946735 /* LaunchScreen.xib in Resources */,
				E85604941A805A1800946735 /* Images.xcassets in Resources */,
			);
			runOnlyForDeploymentPostprocessing = 0;
		};
		E856049A1A805A1800946735 /* Resources */ = {
			isa = PBXResourcesBuildPhase;
			buildActionMask = 2147483647;
			files = (
			);
			runOnlyForDeploymentPostprocessing = 0;
		};
/* End PBXResourcesBuildPhase section */

/* Begin PBXSourcesBuildPhase section */
		E85604831A805A1800946735 /* Sources */ = {
			isa = PBXSourcesBuildPhase;
			buildActionMask = 2147483647;
			files = (
				E856048F1A805A1800946735 /* ViewController.swift in Sources */,
				E856048D1A805A1800946735 /* AppDelegate.swift in Sources */,
			);
			runOnlyForDeploymentPostprocessing = 0;
		};
		E85604981A805A1800946735 /* Sources */ = {
			isa = PBXSourcesBuildPhase;
			buildActionMask = 2147483647;
			files = (
				E85604A31A805A1800946735 /* Assingment_9Tests.swift in Sources */,
			);
			runOnlyForDeploymentPostprocessing = 0;
		};
/* End PBXSourcesBuildPhase section */

/* Begin PBXTargetDependency section */
		E856049E1A805A1800946735 /* PBXTargetDependency */ = {
			isa = PBXTargetDependency;
			target = E85604861A805A1800946735 /* Assingment 9 */;
			targetProxy = E856049D1A805A1800946735 /* PBXContainerItemProxy */;
		};
/* End PBXTargetDependency section */

/* Begin PBXVariantGroup section */
		E85604901A805A1800946735 /* Main.storyboard */ = {
			isa = PBXVariantGroup;
			children = (
				E85604911A805A1800946735 /* Base */,
			);
			name = Main.storyboard;
			sourceTree = "<group>";
		};
		E85604951A805A1800946735 /* LaunchScreen.xib */ = {
			isa = PBXVariantGroup;
			children = (
				E85604961A805A1800946735 /* Base */,
			);
			name = LaunchScreen.xib;
			sourceTree = "<group>";
		};
/* End PBXVariantGroup section */

/* Begin XCBuildConfiguration section */
		E85604A41A805A1800946735 /* Debug */ = {
			isa = XCBuildConfiguration;
			buildSettings = {
				ALWAYS_SEARCH_USER_PATHS = NO;
				CLANG_CXX_LANGUAGE_STANDARD = "gnu++0x";
				CLANG_CXX_LIBRARY = "libc++";
				CLANG_ENABLE_MODULES = YES;
				CLANG_ENABLE_OBJC_ARC = YES;
				CLANG_WARN_BOOL_CONVERSION = YES;
				CLANG_WARN_CONSTANT_CONVERSION = YES;
				CLANG_WARN_DIRECT_OBJC_ISA_USAGE = YES_ERROR;
				CLANG_WARN_EMPTY_BODY = YES;
				CLANG_WARN_ENUM_CONVERSION = YES;
				CLANG_WARN_INT_CONVERSION = YES;
				CLANG_WARN_OBJC_ROOT_CLASS = YES_ERROR;
				CLANG_WARN_UNREACHABLE_CODE = YES;
				CLANG_WARN__DUPLICATE_METHOD_MATCH = YES;
				"CODE_SIGN_IDENTITY[sdk=iphoneos*]" = "iPhone Developer";
				COPY_PHASE_STRIP = NO;
				ENABLE_STRICT_OBJC_MSGSEND = YES;
				GCC_C_LANGUAGE_STANDARD = gnu99;
				GCC_DYNAMIC_NO_PIC = NO;
				GCC_OPTIMIZATION_LEVEL = 0;
				GCC_PREPROCESSOR_DEFINITIONS = (
					"DEBUG=1",
					"$(inherited)",
				);
				GCC_SYMBOLS_PRIVATE_EXTERN = NO;
				GCC_WARN_64_TO_32_BIT_CONVERSION = YES;
				GCC_WARN_ABOUT_RETURN_TYPE = YES_ERROR;
				GCC_WARN_UNDECLARED_SELECTOR = YES;
				GCC_WARN_UNINITIALIZED_AUTOS = YES_AGGRESSIVE;
				GCC_WARN_UNUSED_FUNCTION = YES;
				GCC_WARN_UNUSED_VARIABLE = YES;
				IPHONEOS_DEPLOYMENT_TARGET = 8.1;
				MTL_ENABLE_DEBUG_INFO = YES;
				ONLY_ACTIVE_ARCH = YES;
				SDKROOT = iphoneos;
				SWIFT_OPTIMIZATION_LEVEL = "-Onone";
			};
			name = Debug;
		};
		E85604A51A805A1800946735 /* Release */ = {
			isa = XCBuildConfiguration;
			buildSettings = {
				ALWAYS_SEARCH_USER_PATHS = NO;
				CLANG_CXX_LANGUAGE_STANDARD = "gnu++0x";
				CLANG_CXX_LIBRARY = "libc++";
				CLANG_ENABLE_MODULES = YES;
				CLANG_ENABLE_OBJC_ARC = YES;
				CLANG_WARN_BOOL_CONVERSION = YES;
				CLANG_WARN_CONSTANT_CONVERSION = YES;
				CLANG_WARN_DIRECT_OBJC_ISA_USAGE = YES_ERROR;
				CLANG_WARN_EMPTY_BODY = YES;
				CLANG_WARN_ENUM_CONVERSION = YES;
				CLANG_WARN_INT_CONVERSION = YES;
				CLANG_WARN_OBJC_ROOT_CLASS = YES_ERROR;
				CLANG_WARN_UNREACHABLE_CODE = YES;
				CLANG_WARN__DUPLICATE_METHOD_MATCH = YES;
				"CODE_SIGN_IDENTITY[sdk=iphoneos*]" = "iPhone Developer";
				COPY_PHASE_STRIP = YES;
				ENABLE_NS_ASSERTIONS = NO;
				ENABLE_STRICT_OBJC_MSGSEND = YES;
				GCC_C_LANGUAGE_STANDARD = gnu99;
				GCC_WARN_64_TO_32_BIT_CONVERSION = YES;
				GCC_WARN_ABOUT_RETURN_TYPE = YES_ERROR;
				GCC_WARN_UNDECLARED_SELECTOR = YES;
				GCC_WARN_UNINITIALIZED_AUTOS = YES_AGGRESSIVE;
				GCC_WARN_UNUSED_FUNCTION = YES;
				GCC_WARN_UNUSED_VARIABLE = YES;
				IPHONEOS_DEPLOYMENT_TARGET = 8.1;
				MTL_ENABLE_DEBUG_INFO = NO;
				SDKROOT = iphoneos;
				VALIDATE_PRODUCT = YES;
			};
			name = Release;
		};
		E85604A71A805A1800946735 /* Debug */ = {
			isa = XCBuildConfiguration;
			buildSettings = {
				ASSETCATALOG_COMPILER_APPICON_NAME = AppIcon;
				INFOPLIST_FILE = "Assingment 9/Info.plist";
				LD_RUNPATH_SEARCH_PATHS = "$(inherited) @executable_path/Frameworks";
				PRODUCT_NAME = "$(TARGET_NAME)";
			};
			name = Debug;
		};
		E85604A81A805A1800946735 /* Release */ = {
			isa = XCBuildConfiguration;
			buildSettings = {
				ASSETCATALOG_COMPILER_APPICON_NAME = AppIcon;
				INFOPLIST_FILE = "Assingment 9/Info.plist";
				LD_RUNPATH_SEARCH_PATHS = "$(inherited) @executable_path/Frameworks";
				PRODUCT_NAME = "$(TARGET_NAME)";
			};
			name = Release;
		};
		E85604AA1A805A1800946735 /* Debug */ = {
			isa = XCBuildConfiguration;
			buildSettings = {
				BUNDLE_LOADER = "$(TEST_HOST)";
				FRAMEWORK_SEARCH_PATHS = (
					"$(SDKROOT)/Developer/Library/Frameworks",
					"$(inherited)",
				);
				GCC_PREPROCESSOR_DEFINITIONS = (
					"DEBUG=1",
					"$(inherited)",
				);
				INFOPLIST_FILE = "Assingment 9Tests/Info.plist";
				LD_RUNPATH_SEARCH_PATHS = "$(inherited) @executable_path/Frameworks @loader_path/Frameworks";
				PRODUCT_NAME = "$(TARGET_NAME)";
				TEST_HOST = "$(BUILT_PRODUCTS_DIR)/Assingment 9.app/Assingment 9";
			};
			name = Debug;
		};
		E85604AB1A805A1800946735 /* Release */ = {
			isa = XCBuildConfiguration;
			buildSettings = {
				BUNDLE_LOADER = "$(TEST_HOST)";
				FRAMEWORK_SEARCH_PATHS = (
					"$(SDKROOT)/Developer/Library/Frameworks",
					"$(inherited)",
				);
				INFOPLIST_FILE = "Assingment 9Tests/Info.plist";
				LD_RUNPATH_SEARCH_PATHS = "$(inherited) @executable_path/Frameworks @loader_path/Frameworks";
				PRODUCT_NAME = "$(TARGET_NAME)";
				TEST_HOST = "$(BUILT_PRODUCTS_DIR)/Assingment 9.app/Assingment 9";
			};
			name = Release;
		};
/* End XCBuildConfiguration section */

/* Begin XCConfigurationList section */
		E85604821A805A1800946735 /* Build configuration list for PBXProject "Assingment 9" */ = {
			isa = XCConfigurationList;
			buildConfigurations = (
				E85604A41A805A1800946735 /* Debug */,
				E85604A51A805A1800946735 /* Release */,
			);
			defaultConfigurationIsVisible = 0;
			defaultConfigurationName = Release;
		};
		E85604A61A805A1800946735 /* Build configuration list for PBXNativeTarget "Assingment 9" */ = {
			isa = XCConfigurationList;
			buildConfigurations = (
				E85604A71A805A1800946735 /* Debug */,
				E85604A81A805A1800946735 /* Release */,
			);
			defaultConfigurationIsVisible = 0;
		};
		E85604A91A805A1800946735 /* Build configuration list for PBXNativeTarget "Assingment 9Tests" */ = {
			isa = XCConfigurationList;
			buildConfigurations = (
				E85604AA1A805A1800946735 /* Debug */,
				E85604AB1A805A1800946735 /* Release */,
			);
			defaultConfigurationIsVisible = 0;
		};
/* End XCConfigurationList section */
	};
	rootObject = E856047F1A805A1800946735 /* Project object */;
}
