// !$*UTF8*$!
{
	archiveVersion = 1;
	classes = {
	};
	objectVersion = 46;
	objects = {

/* Begin PBXBuildFile section */
		E85734C11A8C380E005941EF /* AppDelegate.swift in Sources */ = {isa = PBXBuildFile; fileRef = E85734C01A8C380E005941EF /* AppDelegate.swift */; };
		E85734C31A8C380E005941EF /* ViewController.swift in Sources */ = {isa = PBXBuildFile; fileRef = E85734C21A8C380E005941EF /* ViewController.swift */; };
		E85734C61A8C380E005941EF /* Main.storyboard in Resources */ = {isa = PBXBuildFile; fileRef = E85734C41A8C380E005941EF /* Main.storyboard */; };
		E85734C81A8C380E005941EF /* Images.xcassets in Resources */ = {isa = PBXBuildFile; fileRef = E85734C71A8C380E005941EF /* Images.xcassets */; };
		E85734CB1A8C380E005941EF /* LaunchScreen.xib in Resources */ = {isa = PBXBuildFile; fileRef = E85734C91A8C380E005941EF /* LaunchScreen.xib */; };
		E85734D71A8C380E005941EF /* blahTests.swift in Sources */ = {isa = PBXBuildFile; fileRef = E85734D61A8C380E005941EF /* blahTests.swift */; };
		E85734E11A8C387D005941EF /* CalculatorClass.swift in Sources */ = {isa = PBXBuildFile; fileRef = E85734E01A8C387D005941EF /* CalculatorClass.swift */; };
/* End PBXBuildFile section */

/* Begin PBXContainerItemProxy section */
		E85734D11A8C380E005941EF /* PBXContainerItemProxy */ = {
			isa = PBXContainerItemProxy;
			containerPortal = E85734B31A8C380E005941EF /* Project object */;
			proxyType = 1;
			remoteGlobalIDString = E85734BA1A8C380E005941EF;
			remoteInfo = blah;
		};
/* End PBXContainerItemProxy section */

/* Begin PBXFileReference section */
		E85734BB1A8C380E005941EF /* blah.app */ = {isa = PBXFileReference; explicitFileType = wrapper.application; includeInIndex = 0; path = blah.app; sourceTree = BUILT_PRODUCTS_DIR; };
		E85734BF1A8C380E005941EF /* Info.plist */ = {isa = PBXFileReference; lastKnownFileType = text.plist.xml; path = Info.plist; sourceTree = "<group>"; };
		E85734C01A8C380E005941EF /* AppDelegate.swift */ = {isa = PBXFileReference; lastKnownFileType = sourcecode.swift; path = AppDelegate.swift; sourceTree = "<group>"; };
		E85734C21A8C380E005941EF /* ViewController.swift */ = {isa = PBXFileReference; lastKnownFileType = sourcecode.swift; path = ViewController.swift; sourceTree = "<group>"; };
		E85734C51A8C380E005941EF /* Base */ = {isa = PBXFileReference; lastKnownFileType = file.storyboard; name = Base; path = Base.lproj/Main.storyboard; sourceTree = "<group>"; };
		E85734C71A8C380E005941EF /* Images.xcassets */ = {isa = PBXFileReference; lastKnownFileType = folder.assetcatalog; path = Images.xcassets; sourceTree = "<group>"; };
		E85734CA1A8C380E005941EF /* Base */ = {isa = PBXFileReference; lastKnownFileType = file.xib; name = Base; path = Base.lproj/LaunchScreen.xib; sourceTree = "<group>"; };
		E85734D01A8C380E005941EF /* blahTests.xctest */ = {isa = PBXFileReference; explicitFileType = wrapper.cfbundle; includeInIndex = 0; path = blahTests.xctest; sourceTree = BUILT_PRODUCTS_DIR; };
		E85734D51A8C380E005941EF /* Info.plist */ = {isa = PBXFileReference; lastKnownFileType = text.plist.xml; path = Info.plist; sourceTree = "<group>"; };
		E85734D61A8C380E005941EF /* blahTests.swift */ = {isa = PBXFileReference; lastKnownFileType = sourcecode.swift; path = blahTests.swift; sourceTree = "<group>"; };
		E85734E01A8C387D005941EF /* CalculatorClass.swift */ = {isa = PBXFileReference; fileEncoding = 4; lastKnownFileType = sourcecode.swift; path = CalculatorClass.swift; sourceTree = "<group>"; };
/* End PBXFileReference section */

/* Begin PBXFrameworksBuildPhase section */
		E85734B81A8C380E005941EF /* Frameworks */ = {
			isa = PBXFrameworksBuildPhase;
			buildActionMask = 2147483647;
			files = (
			);
			runOnlyForDeploymentPostprocessing = 0;
		};
		E85734CD1A8C380E005941EF /* Frameworks */ = {
			isa = PBXFrameworksBuildPhase;
			buildActionMask = 2147483647;
			files = (
			);
			runOnlyForDeploymentPostprocessing = 0;
		};
/* End PBXFrameworksBuildPhase section */

/* Begin PBXGroup section */
		E85734B21A8C380E005941EF = {
			isa = PBXGroup;
			children = (
				E85734BD1A8C380E005941EF /* blah */,
				E85734D31A8C380E005941EF /* blahTests */,
				E85734BC1A8C380E005941EF /* Products */,
			);
			sourceTree = "<group>";
		};
		E85734BC1A8C380E005941EF /* Products */ = {
			isa = PBXGroup;
			children = (
				E85734BB1A8C380E005941EF /* blah.app */,
				E85734D01A8C380E005941EF /* blahTests.xctest */,
			);
			name = Products;
			sourceTree = "<group>";
		};
		E85734BD1A8C380E005941EF /* blah */ = {
			isa = PBXGroup;
			children = (
				E85734C01A8C380E005941EF /* AppDelegate.swift */,
				E85734C21A8C380E005941EF /* ViewController.swift */,
				E85734C41A8C380E005941EF /* Main.storyboard */,
				E85734C71A8C380E005941EF /* Images.xcassets */,
				E85734C91A8C380E005941EF /* LaunchScreen.xib */,
				E85734BE1A8C380E005941EF /* Supporting Files */,
				E85734E01A8C387D005941EF /* CalculatorClass.swift */,
			);
			path = blah;
			sourceTree = "<group>";
		};
		E85734BE1A8C380E005941EF /* Supporting Files */ = {
			isa = PBXGroup;
			children = (
				E85734BF1A8C380E005941EF /* Info.plist */,
			);
			name = "Supporting Files";
			sourceTree = "<group>";
		};
		E85734D31A8C380E005941EF /* blahTests */ = {
			isa = PBXGroup;
			children = (
				E85734D61A8C380E005941EF /* blahTests.swift */,
				E85734D41A8C380E005941EF /* Supporting Files */,
			);
			path = blahTests;
			sourceTree = "<group>";
		};
		E85734D41A8C380E005941EF /* Supporting Files */ = {
			isa = PBXGroup;
			children = (
				E85734D51A8C380E005941EF /* Info.plist */,
			);
			name = "Supporting Files";
			sourceTree = "<group>";
		};
/* End PBXGroup section */

/* Begin PBXNativeTarget section */
		E85734BA1A8C380E005941EF /* blah */ = {
			isa = PBXNativeTarget;
			buildConfigurationList = E85734DA1A8C380E005941EF /* Build configuration list for PBXNativeTarget "blah" */;
			buildPhases = (
				E85734B71A8C380E005941EF /* Sources */,
				E85734B81A8C380E005941EF /* Frameworks */,
				E85734B91A8C380E005941EF /* Resources */,
			);
			buildRules = (
			);
			dependencies = (
			);
			name = blah;
			productName = blah;
			productReference = E85734BB1A8C380E005941EF /* blah.app */;
			productType = "com.apple.product-type.application";
		};
		E85734CF1A8C380E005941EF /* blahTests */ = {
			isa = PBXNativeTarget;
			buildConfigurationList = E85734DD1A8C380E005941EF /* Build configuration list for PBXNativeTarget "blahTests" */;
			buildPhases = (
				E85734CC1A8C380E005941EF /* Sources */,
				E85734CD1A8C380E005941EF /* Frameworks */,
				E85734CE1A8C380E005941EF /* Resources */,
			);
			buildRules = (
			);
			dependencies = (
				E85734D21A8C380E005941EF /* PBXTargetDependency */,
			);
			name = blahTests;
			productName = blahTests;
			productReference = E85734D01A8C380E005941EF /* blahTests.xctest */;
			productType = "com.apple.product-type.bundle.unit-test";
		};
/* End PBXNativeTarget section */

/* Begin PBXProject section */
		E85734B31A8C380E005941EF /* Project object */ = {
			isa = PBXProject;
			attributes = {
				LastUpgradeCheck = 0610;
				ORGANIZATIONNAME = "Angel S. Moreno";
				TargetAttributes = {
					E85734BA1A8C380E005941EF = {
						CreatedOnToolsVersion = 6.1.1;
					};
					E85734CF1A8C380E005941EF = {
						CreatedOnToolsVersion = 6.1.1;
						TestTargetID = E85734BA1A8C380E005941EF;
					};
				};
			};
			buildConfigurationList = E85734B61A8C380E005941EF /* Build configuration list for PBXProject "blah" */;
			compatibilityVersion = "Xcode 3.2";
			developmentRegion = English;
			hasScannedForEncodings = 0;
			knownRegions = (
				en,
				Base,
			);
			mainGroup = E85734B21A8C380E005941EF;
			productRefGroup = E85734BC1A8C380E005941EF /* Products */;
			projectDirPath = "";
			projectRoot = "";
			targets = (
				E85734BA1A8C380E005941EF /* blah */,
				E85734CF1A8C380E005941EF /* blahTests */,
			);
		};
/* End PBXProject section */

/* Begin PBXResourcesBuildPhase section */
		E85734B91A8C380E005941EF /* Resources */ = {
			isa = PBXResourcesBuildPhase;
			buildActionMask = 2147483647;
			files = (
				E85734C61A8C380E005941EF /* Main.storyboard in Resources */,
				E85734CB1A8C380E005941EF /* LaunchScreen.xib in Resources */,
				E85734C81A8C380E005941EF /* Images.xcassets in Resources */,
			);
			runOnlyForDeploymentPostprocessing = 0;
		};
		E85734CE1A8C380E005941EF /* Resources */ = {
			isa = PBXResourcesBuildPhase;
			buildActionMask = 2147483647;
			files = (
			);
			runOnlyForDeploymentPostprocessing = 0;
		};
/* End PBXResourcesBuildPhase section */

/* Begin PBXSourcesBuildPhase section */
		E85734B71A8C380E005941EF /* Sources */ = {
			isa = PBXSourcesBuildPhase;
			buildActionMask = 2147483647;
			files = (
				E85734C31A8C380E005941EF /* ViewController.swift in Sources */,
				E85734C11A8C380E005941EF /* AppDelegate.swift in Sources */,
				E85734E11A8C387D005941EF /* CalculatorClass.swift in Sources */,
			);
			runOnlyForDeploymentPostprocessing = 0;
		};
		E85734CC1A8C380E005941EF /* Sources */ = {
			isa = PBXSourcesBuildPhase;
			buildActionMask = 2147483647;
			files = (
				E85734D71A8C380E005941EF /* blahTests.swift in Sources */,
			);
			runOnlyForDeploymentPostprocessing = 0;
		};
/* End PBXSourcesBuildPhase section */

/* Begin PBXTargetDependency section */
		E85734D21A8C380E005941EF /* PBXTargetDependency */ = {
			isa = PBXTargetDependency;
			target = E85734BA1A8C380E005941EF /* blah */;
			targetProxy = E85734D11A8C380E005941EF /* PBXContainerItemProxy */;
		};
/* End PBXTargetDependency section */

/* Begin PBXVariantGroup section */
		E85734C41A8C380E005941EF /* Main.storyboard */ = {
			isa = PBXVariantGroup;
			children = (
				E85734C51A8C380E005941EF /* Base */,
			);
			name = Main.storyboard;
			sourceTree = "<group>";
		};
		E85734C91A8C380E005941EF /* LaunchScreen.xib */ = {
			isa = PBXVariantGroup;
			children = (
				E85734CA1A8C380E005941EF /* Base */,
			);
			name = LaunchScreen.xib;
			sourceTree = "<group>";
		};
/* End PBXVariantGroup section */

/* Begin XCBuildConfiguration section */
		E85734D81A8C380E005941EF /* Debug */ = {
			isa = XCBuildConfiguration;
			buildSettings = {
				ALWAYS_SEARCH_USER_PATHS = NO;
				CLANG_CXX_LANGUAGE_STANDARD = "gnu++0x";
				CLANG_CXX_LIBRARY = "libc++";
				CLANG_ENABLE_MODULES = YES;
				CLANG_ENABLE_OBJC_ARC = YES;
				CLANG_WARN_BOOL_CONVERSION = YES;
				CLANG_WARN_CONSTANT_CONVERSION = YES;
				CLANG_WARN_DIRECT_OBJC_ISA_USAGE = YES_ERROR;
				CLANG_WARN_EMPTY_BODY = YES;
				CLANG_WARN_ENUM_CONVERSION = YES;
				CLANG_WARN_INT_CONVERSION = YES;
				CLANG_WARN_OBJC_ROOT_CLASS = YES_ERROR;
				CLANG_WARN_UNREACHABLE_CODE = YES;
				CLANG_WARN__DUPLICATE_METHOD_MATCH = YES;
				"CODE_SIGN_IDENTITY[sdk=iphoneos*]" = "iPhone Developer";
				COPY_PHASE_STRIP = NO;
				ENABLE_STRICT_OBJC_MSGSEND = YES;
				GCC_C_LANGUAGE_STANDARD = gnu99;
				GCC_DYNAMIC_NO_PIC = NO;
				GCC_OPTIMIZATION_LEVEL = 0;
				GCC_PREPROCESSOR_DEFINITIONS = (
					"DEBUG=1",
					"$(inherited)",
				);
				GCC_SYMBOLS_PRIVATE_EXTERN = NO;
				GCC_WARN_64_TO_32_BIT_CONVERSION = YES;
				GCC_WARN_ABOUT_RETURN_TYPE = YES_ERROR;
				GCC_WARN_UNDECLARED_SELECTOR = YES;
				GCC_WARN_UNINITIALIZED_AUTOS = YES_AGGRESSIVE;
				GCC_WARN_UNUSED_FUNCTION = YES;
				GCC_WARN_UNUSED_VARIABLE = YES;
				IPHONEOS_DEPLOYMENT_TARGET = 8.1;
				MTL_ENABLE_DEBUG_INFO = YES;
				ONLY_ACTIVE_ARCH = YES;
				SDKROOT = iphoneos;
				SWIFT_OPTIMIZATION_LEVEL = "-Onone";
			};
			name = Debug;
		};
		E85734D91A8C380E005941EF /* Release */ = {
			isa = XCBuildConfiguration;
			buildSettings = {
				ALWAYS_SEARCH_USER_PATHS = NO;
				CLANG_CXX_LANGUAGE_STANDARD = "gnu++0x";
				CLANG_CXX_LIBRARY = "libc++";
				CLANG_ENABLE_MODULES = YES;
				CLANG_ENABLE_OBJC_ARC = YES;
				CLANG_WARN_BOOL_CONVERSION = YES;
				CLANG_WARN_CONSTANT_CONVERSION = YES;
				CLANG_WARN_DIRECT_OBJC_ISA_USAGE = YES_ERROR;
				CLANG_WARN_EMPTY_BODY = YES;
				CLANG_WARN_ENUM_CONVERSION = YES;
				CLANG_WARN_INT_CONVERSION = YES;
				CLANG_WARN_OBJC_ROOT_CLASS = YES_ERROR;
				CLANG_WARN_UNREACHABLE_CODE = YES;
				CLANG_WARN__DUPLICATE_METHOD_MATCH = YES;
				"CODE_SIGN_IDENTITY[sdk=iphoneos*]" = "iPhone Developer";
				COPY_PHASE_STRIP = YES;
				ENABLE_NS_ASSERTIONS = NO;
				ENABLE_STRICT_OBJC_MSGSEND = YES;
				GCC_C_LANGUAGE_STANDARD = gnu99;
				GCC_WARN_64_TO_32_BIT_CONVERSION = YES;
				GCC_WARN_ABOUT_RETURN_TYPE = YES_ERROR;
				GCC_WARN_UNDECLARED_SELECTOR = YES;
				GCC_WARN_UNINITIALIZED_AUTOS = YES_AGGRESSIVE;
				GCC_WARN_UNUSED_FUNCTION = YES;
				GCC_WARN_UNUSED_VARIABLE = YES;
				IPHONEOS_DEPLOYMENT_TARGET = 8.1;
				MTL_ENABLE_DEBUG_INFO = NO;
				SDKROOT = iphoneos;
				VALIDATE_PRODUCT = YES;
			};
			name = Release;
		};
		E85734DB1A8C380E005941EF /* Debug */ = {
			isa = XCBuildConfiguration;
			buildSettings = {
				ASSETCATALOG_COMPILER_APPICON_NAME = AppIcon;
				INFOPLIST_FILE = blah/Info.plist;
				LD_RUNPATH_SEARCH_PATHS = "$(inherited) @executable_path/Frameworks";
				PRODUCT_NAME = "$(TARGET_NAME)";
			};
			name = Debug;
		};
		E85734DC1A8C380E005941EF /* Release */ = {
			isa = XCBuildConfiguration;
			buildSettings = {
				ASSETCATALOG_COMPILER_APPICON_NAME = AppIcon;
				INFOPLIST_FILE = blah/Info.plist;
				LD_RUNPATH_SEARCH_PATHS = "$(inherited) @executable_path/Frameworks";
				PRODUCT_NAME = "$(TARGET_NAME)";
			};
			name = Release;
		};
		E85734DE1A8C380E005941EF /* Debug */ = {
			isa = XCBuildConfiguration;
			buildSettings = {
				BUNDLE_LOADER = "$(TEST_HOST)";
				FRAMEWORK_SEARCH_PATHS = (
					"$(SDKROOT)/Developer/Library/Frameworks",
					"$(inherited)",
				);
				GCC_PREPROCESSOR_DEFINITIONS = (
					"DEBUG=1",
					"$(inherited)",
				);
				INFOPLIST_FILE = blahTests/Info.plist;
				LD_RUNPATH_SEARCH_PATHS = "$(inherited) @executable_path/Frameworks @loader_path/Frameworks";
				PRODUCT_NAME = "$(TARGET_NAME)";
				TEST_HOST = "$(BUILT_PRODUCTS_DIR)/blah.app/blah";
			};
			name = Debug;
		};
		E85734DF1A8C380E005941EF /* Release */ = {
			isa = XCBuildConfiguration;
			buildSettings = {
				BUNDLE_LOADER = "$(TEST_HOST)";
				FRAMEWORK_SEARCH_PATHS = (
					"$(SDKROOT)/Developer/Library/Frameworks",
					"$(inherited)",
				);
				INFOPLIST_FILE = blahTests/Info.plist;
				LD_RUNPATH_SEARCH_PATHS = "$(inherited) @executable_path/Frameworks @loader_path/Frameworks";
				PRODUCT_NAME = "$(TARGET_NAME)";
				TEST_HOST = "$(BUILT_PRODUCTS_DIR)/blah.app/blah";
			};
			name = Release;
		};
/* End XCBuildConfiguration section */

/* Begin XCConfigurationList section */
		E85734B61A8C380E005941EF /* Build configuration list for PBXProject "blah" */ = {
			isa = XCConfigurationList;
			buildConfigurations = (
				E85734D81A8C380E005941EF /* Debug */,
				E85734D91A8C380E005941EF /* Release */,
			);
			defaultConfigurationIsVisible = 0;
			defaultConfigurationName = Release;
		};
		E85734DA1A8C380E005941EF /* Build configuration list for PBXNativeTarget "blah" */ = {
			isa = XCConfigurationList;
			buildConfigurations = (
				E85734DB1A8C380E005941EF /* Debug */,
				E85734DC1A8C380E005941EF /* Release */,
			);
			defaultConfigurationIsVisible = 0;
		};
		E85734DD1A8C380E005941EF /* Build configuration list for PBXNativeTarget "blahTests" */ = {
			isa = XCConfigurationList;
			buildConfigurations = (
				E85734DE1A8C380E005941EF /* Debug */,
				E85734DF1A8C380E005941EF /* Release */,
			);
			defaultConfigurationIsVisible = 0;
		};
/* End XCConfigurationList section */
	};
	rootObject = E85734B31A8C380E005941EF /* Project object */;
}
