// !$*UTF8*$!
{
	archiveVersion = 1;
	classes = {
	};
	objectVersion = 46;
	objects = {

/* Begin PBXBuildFile section */
		E85734911A8C1FC4005941EF /* AppDelegate.swift in Sources */ = {isa = PBXBuildFile; fileRef = E85734901A8C1FC4005941EF /* AppDelegate.swift */; };
		E85734931A8C1FC4005941EF /* ViewController.swift in Sources */ = {isa = PBXBuildFile; fileRef = E85734921A8C1FC4005941EF /* ViewController.swift */; };
		E85734961A8C1FC4005941EF /* Main.storyboard in Resources */ = {isa = PBXBuildFile; fileRef = E85734941A8C1FC4005941EF /* Main.storyboard */; };
		E85734981A8C1FC4005941EF /* Images.xcassets in Resources */ = {isa = PBXBuildFile; fileRef = E85734971A8C1FC4005941EF /* Images.xcassets */; };
		E857349B1A8C1FC4005941EF /* LaunchScreen.xib in Resources */ = {isa = PBXBuildFile; fileRef = E85734991A8C1FC4005941EF /* LaunchScreen.xib */; };
		E85734A71A8C1FC4005941EF /* IOS_Cal_CloneTests.swift in Sources */ = {isa = PBXBuildFile; fileRef = E85734A61A8C1FC4005941EF /* IOS_Cal_CloneTests.swift */; };
		E85734B11A8C2453005941EF /* CalculatorButton.swift in Sources */ = {isa = PBXBuildFile; fileRef = E85734B01A8C2453005941EF /* CalculatorButton.swift */; };
/* End PBXBuildFile section */

/* Begin PBXContainerItemProxy section */
		E85734A11A8C1FC4005941EF /* PBXContainerItemProxy */ = {
			isa = PBXContainerItemProxy;
			containerPortal = E85734831A8C1FC4005941EF /* Project object */;
			proxyType = 1;
			remoteGlobalIDString = E857348A1A8C1FC4005941EF;
			remoteInfo = "IOS Cal Clone";
		};
/* End PBXContainerItemProxy section */

/* Begin PBXFileReference section */
		E857348B1A8C1FC4005941EF /* IOS Cal Clone.app */ = {isa = PBXFileReference; explicitFileType = wrapper.application; includeInIndex = 0; path = "IOS Cal Clone.app"; sourceTree = BUILT_PRODUCTS_DIR; };
		E857348F1A8C1FC4005941EF /* Info.plist */ = {isa = PBXFileReference; lastKnownFileType = text.plist.xml; path = Info.plist; sourceTree = "<group>"; };
		E85734901A8C1FC4005941EF /* AppDelegate.swift */ = {isa = PBXFileReference; lastKnownFileType = sourcecode.swift; path = AppDelegate.swift; sourceTree = "<group>"; };
		E85734921A8C1FC4005941EF /* ViewController.swift */ = {isa = PBXFileReference; lastKnownFileType = sourcecode.swift; path = ViewController.swift; sourceTree = "<group>"; };
		E85734951A8C1FC4005941EF /* Base */ = {isa = PBXFileReference; lastKnownFileType = file.storyboard; name = Base; path = Base.lproj/Main.storyboard; sourceTree = "<group>"; };
		E85734971A8C1FC4005941EF /* Images.xcassets */ = {isa = PBXFileReference; lastKnownFileType = folder.assetcatalog; path = Images.xcassets; sourceTree = "<group>"; };
		E857349A1A8C1FC4005941EF /* Base */ = {isa = PBXFileReference; lastKnownFileType = file.xib; name = Base; path = Base.lproj/LaunchScreen.xib; sourceTree = "<group>"; };
		E85734A01A8C1FC4005941EF /* IOS Cal CloneTests.xctest */ = {isa = PBXFileReference; explicitFileType = wrapper.cfbundle; includeInIndex = 0; path = "IOS Cal CloneTests.xctest"; sourceTree = BUILT_PRODUCTS_DIR; };
		E85734A51A8C1FC4005941EF /* Info.plist */ = {isa = PBXFileReference; lastKnownFileType = text.plist.xml; path = Info.plist; sourceTree = "<group>"; };
		E85734A61A8C1FC4005941EF /* IOS_Cal_CloneTests.swift */ = {isa = PBXFileReference; lastKnownFileType = sourcecode.swift; path = IOS_Cal_CloneTests.swift; sourceTree = "<group>"; };
		E85734B01A8C2453005941EF /* CalculatorButton.swift */ = {isa = PBXFileReference; fileEncoding = 4; lastKnownFileType = sourcecode.swift; path = CalculatorButton.swift; sourceTree = "<group>"; };
/* End PBXFileReference section */

/* Begin PBXFrameworksBuildPhase section */
		E85734881A8C1FC4005941EF /* Frameworks */ = {
			isa = PBXFrameworksBuildPhase;
			buildActionMask = 2147483647;
			files = (
			);
			runOnlyForDeploymentPostprocessing = 0;
		};
		E857349D1A8C1FC4005941EF /* Frameworks */ = {
			isa = PBXFrameworksBuildPhase;
			buildActionMask = 2147483647;
			files = (
			);
			runOnlyForDeploymentPostprocessing = 0;
		};
/* End PBXFrameworksBuildPhase section */

/* Begin PBXGroup section */
		E85734821A8C1FC4005941EF = {
			isa = PBXGroup;
			children = (
				E857348D1A8C1FC4005941EF /* IOS Cal Clone */,
				E85734A31A8C1FC4005941EF /* IOS Cal CloneTests */,
				E857348C1A8C1FC4005941EF /* Products */,
			);
			sourceTree = "<group>";
		};
		E857348C1A8C1FC4005941EF /* Products */ = {
			isa = PBXGroup;
			children = (
				E857348B1A8C1FC4005941EF /* IOS Cal Clone.app */,
				E85734A01A8C1FC4005941EF /* IOS Cal CloneTests.xctest */,
			);
			name = Products;
			sourceTree = "<group>";
		};
		E857348D1A8C1FC4005941EF /* IOS Cal Clone */ = {
			isa = PBXGroup;
			children = (
				E85734901A8C1FC4005941EF /* AppDelegate.swift */,
				E85734921A8C1FC4005941EF /* ViewController.swift */,
				E85734941A8C1FC4005941EF /* Main.storyboard */,
				E85734B01A8C2453005941EF /* CalculatorButton.swift */,
				E85734971A8C1FC4005941EF /* Images.xcassets */,
				E85734991A8C1FC4005941EF /* LaunchScreen.xib */,
				E857348E1A8C1FC4005941EF /* Supporting Files */,
			);
			path = "IOS Cal Clone";
			sourceTree = "<group>";
		};
		E857348E1A8C1FC4005941EF /* Supporting Files */ = {
			isa = PBXGroup;
			children = (
				E857348F1A8C1FC4005941EF /* Info.plist */,
			);
			name = "Supporting Files";
			sourceTree = "<group>";
		};
		E85734A31A8C1FC4005941EF /* IOS Cal CloneTests */ = {
			isa = PBXGroup;
			children = (
				E85734A61A8C1FC4005941EF /* IOS_Cal_CloneTests.swift */,
				E85734A41A8C1FC4005941EF /* Supporting Files */,
			);
			path = "IOS Cal CloneTests";
			sourceTree = "<group>";
		};
		E85734A41A8C1FC4005941EF /* Supporting Files */ = {
			isa = PBXGroup;
			children = (
				E85734A51A8C1FC4005941EF /* Info.plist */,
			);
			name = "Supporting Files";
			sourceTree = "<group>";
		};
/* End PBXGroup section */

/* Begin PBXNativeTarget section */
		E857348A1A8C1FC4005941EF /* IOS Cal Clone */ = {
			isa = PBXNativeTarget;
			buildConfigurationList = E85734AA1A8C1FC4005941EF /* Build configuration list for PBXNativeTarget "IOS Cal Clone" */;
			buildPhases = (
				E85734871A8C1FC4005941EF /* Sources */,
				E85734881A8C1FC4005941EF /* Frameworks */,
				E85734891A8C1FC4005941EF /* Resources */,
			);
			buildRules = (
			);
			dependencies = (
			);
			name = "IOS Cal Clone";
			productName = "IOS Cal Clone";
			productReference = E857348B1A8C1FC4005941EF /* IOS Cal Clone.app */;
			productType = "com.apple.product-type.application";
		};
		E857349F1A8C1FC4005941EF /* IOS Cal CloneTests */ = {
			isa = PBXNativeTarget;
			buildConfigurationList = E85734AD1A8C1FC4005941EF /* Build configuration list for PBXNativeTarget "IOS Cal CloneTests" */;
			buildPhases = (
				E857349C1A8C1FC4005941EF /* Sources */,
				E857349D1A8C1FC4005941EF /* Frameworks */,
				E857349E1A8C1FC4005941EF /* Resources */,
			);
			buildRules = (
			);
			dependencies = (
				E85734A21A8C1FC4005941EF /* PBXTargetDependency */,
			);
			name = "IOS Cal CloneTests";
			productName = "IOS Cal CloneTests";
			productReference = E85734A01A8C1FC4005941EF /* IOS Cal CloneTests.xctest */;
			productType = "com.apple.product-type.bundle.unit-test";
		};
/* End PBXNativeTarget section */

/* Begin PBXProject section */
		E85734831A8C1FC4005941EF /* Project object */ = {
			isa = PBXProject;
			attributes = {
				LastUpgradeCheck = 0610;
				ORGANIZATIONNAME = "Angel S. Moreno";
				TargetAttributes = {
					E857348A1A8C1FC4005941EF = {
						CreatedOnToolsVersion = 6.1.1;
					};
					E857349F1A8C1FC4005941EF = {
						CreatedOnToolsVersion = 6.1.1;
						TestTargetID = E857348A1A8C1FC4005941EF;
					};
				};
			};
			buildConfigurationList = E85734861A8C1FC4005941EF /* Build configuration list for PBXProject "IOS Cal Clone" */;
			compatibilityVersion = "Xcode 3.2";
			developmentRegion = English;
			hasScannedForEncodings = 0;
			knownRegions = (
				en,
				Base,
			);
			mainGroup = E85734821A8C1FC4005941EF;
			productRefGroup = E857348C1A8C1FC4005941EF /* Products */;
			projectDirPath = "";
			projectRoot = "";
			targets = (
				E857348A1A8C1FC4005941EF /* IOS Cal Clone */,
				E857349F1A8C1FC4005941EF /* IOS Cal CloneTests */,
			);
		};
/* End PBXProject section */

/* Begin PBXResourcesBuildPhase section */
		E85734891A8C1FC4005941EF /* Resources */ = {
			isa = PBXResourcesBuildPhase;
			buildActionMask = 2147483647;
			files = (
				E85734961A8C1FC4005941EF /* Main.storyboard in Resources */,
				E857349B1A8C1FC4005941EF /* LaunchScreen.xib in Resources */,
				E85734981A8C1FC4005941EF /* Images.xcassets in Resources */,
			);
			runOnlyForDeploymentPostprocessing = 0;
		};
		E857349E1A8C1FC4005941EF /* Resources */ = {
			isa = PBXResourcesBuildPhase;
			buildActionMask = 2147483647;
			files = (
			);
			runOnlyForDeploymentPostprocessing = 0;
		};
/* End PBXResourcesBuildPhase section */

/* Begin PBXSourcesBuildPhase section */
		E85734871A8C1FC4005941EF /* Sources */ = {
			isa = PBXSourcesBuildPhase;
			buildActionMask = 2147483647;
			files = (
				E85734931A8C1FC4005941EF /* ViewController.swift in Sources */,
				E85734B11A8C2453005941EF /* CalculatorButton.swift in Sources */,
				E85734911A8C1FC4005941EF /* AppDelegate.swift in Sources */,
			);
			runOnlyForDeploymentPostprocessing = 0;
		};
		E857349C1A8C1FC4005941EF /* Sources */ = {
			isa = PBXSourcesBuildPhase;
			buildActionMask = 2147483647;
			files = (
				E85734A71A8C1FC4005941EF /* IOS_Cal_CloneTests.swift in Sources */,
			);
			runOnlyForDeploymentPostprocessing = 0;
		};
/* End PBXSourcesBuildPhase section */

/* Begin PBXTargetDependency section */
		E85734A21A8C1FC4005941EF /* PBXTargetDependency */ = {
			isa = PBXTargetDependency;
			target = E857348A1A8C1FC4005941EF /* IOS Cal Clone */;
			targetProxy = E85734A11A8C1FC4005941EF /* PBXContainerItemProxy */;
		};
/* End PBXTargetDependency section */

/* Begin PBXVariantGroup section */
		E85734941A8C1FC4005941EF /* Main.storyboard */ = {
			isa = PBXVariantGroup;
			children = (
				E85734951A8C1FC4005941EF /* Base */,
			);
			name = Main.storyboard;
			sourceTree = "<group>";
		};
		E85734991A8C1FC4005941EF /* LaunchScreen.xib */ = {
			isa = PBXVariantGroup;
			children = (
				E857349A1A8C1FC4005941EF /* Base */,
			);
			name = LaunchScreen.xib;
			sourceTree = "<group>";
		};
/* End PBXVariantGroup section */

/* Begin XCBuildConfiguration section */
		E85734A81A8C1FC4005941EF /* Debug */ = {
			isa = XCBuildConfiguration;
			buildSettings = {
				ALWAYS_SEARCH_USER_PATHS = NO;
				CLANG_CXX_LANGUAGE_STANDARD = "gnu++0x";
				CLANG_CXX_LIBRARY = "libc++";
				CLANG_ENABLE_MODULES = YES;
				CLANG_ENABLE_OBJC_ARC = YES;
				CLANG_WARN_BOOL_CONVERSION = YES;
				CLANG_WARN_CONSTANT_CONVERSION = YES;
				CLANG_WARN_DIRECT_OBJC_ISA_USAGE = YES_ERROR;
				CLANG_WARN_EMPTY_BODY = YES;
				CLANG_WARN_ENUM_CONVERSION = YES;
				CLANG_WARN_INT_CONVERSION = YES;
				CLANG_WARN_OBJC_ROOT_CLASS = YES_ERROR;
				CLANG_WARN_UNREACHABLE_CODE = YES;
				CLANG_WARN__DUPLICATE_METHOD_MATCH = YES;
				"CODE_SIGN_IDENTITY[sdk=iphoneos*]" = "iPhone Developer";
				COPY_PHASE_STRIP = NO;
				ENABLE_STRICT_OBJC_MSGSEND = YES;
				GCC_C_LANGUAGE_STANDARD = gnu99;
				GCC_DYNAMIC_NO_PIC = NO;
				GCC_OPTIMIZATION_LEVEL = 0;
				GCC_PREPROCESSOR_DEFINITIONS = (
					"DEBUG=1",
					"$(inherited)",
				);
				GCC_SYMBOLS_PRIVATE_EXTERN = NO;
				GCC_WARN_64_TO_32_BIT_CONVERSION = YES;
				GCC_WARN_ABOUT_RETURN_TYPE = YES_ERROR;
				GCC_WARN_UNDECLARED_SELECTOR = YES;
				GCC_WARN_UNINITIALIZED_AUTOS = YES_AGGRESSIVE;
				GCC_WARN_UNUSED_FUNCTION = YES;
				GCC_WARN_UNUSED_VARIABLE = YES;
				IPHONEOS_DEPLOYMENT_TARGET = 8.1;
				MTL_ENABLE_DEBUG_INFO = YES;
				ONLY_ACTIVE_ARCH = YES;
				SDKROOT = iphoneos;
				SWIFT_OPTIMIZATION_LEVEL = "-Onone";
			};
			name = Debug;
		};
		E85734A91A8C1FC4005941EF /* Release */ = {
			isa = XCBuildConfiguration;
			buildSettings = {
				ALWAYS_SEARCH_USER_PATHS = NO;
				CLANG_CXX_LANGUAGE_STANDARD = "gnu++0x";
				CLANG_CXX_LIBRARY = "libc++";
				CLANG_ENABLE_MODULES = YES;
				CLANG_ENABLE_OBJC_ARC = YES;
				CLANG_WARN_BOOL_CONVERSION = YES;
				CLANG_WARN_CONSTANT_CONVERSION = YES;
				CLANG_WARN_DIRECT_OBJC_ISA_USAGE = YES_ERROR;
				CLANG_WARN_EMPTY_BODY = YES;
				CLANG_WARN_ENUM_CONVERSION = YES;
				CLANG_WARN_INT_CONVERSION = YES;
				CLANG_WARN_OBJC_ROOT_CLASS = YES_ERROR;
				CLANG_WARN_UNREACHABLE_CODE = YES;
				CLANG_WARN__DUPLICATE_METHOD_MATCH = YES;
				"CODE_SIGN_IDENTITY[sdk=iphoneos*]" = "iPhone Developer";
				COPY_PHASE_STRIP = YES;
				ENABLE_NS_ASSERTIONS = NO;
				ENABLE_STRICT_OBJC_MSGSEND = YES;
				GCC_C_LANGUAGE_STANDARD = gnu99;
				GCC_WARN_64_TO_32_BIT_CONVERSION = YES;
				GCC_WARN_ABOUT_RETURN_TYPE = YES_ERROR;
				GCC_WARN_UNDECLARED_SELECTOR = YES;
				GCC_WARN_UNINITIALIZED_AUTOS = YES_AGGRESSIVE;
				GCC_WARN_UNUSED_FUNCTION = YES;
				GCC_WARN_UNUSED_VARIABLE = YES;
				IPHONEOS_DEPLOYMENT_TARGET = 8.1;
				MTL_ENABLE_DEBUG_INFO = NO;
				SDKROOT = iphoneos;
				VALIDATE_PRODUCT = YES;
			};
			name = Release;
		};
		E85734AB1A8C1FC4005941EF /* Debug */ = {
			isa = XCBuildConfiguration;
			buildSettings = {
				ASSETCATALOG_COMPILER_APPICON_NAME = AppIcon;
				INFOPLIST_FILE = "IOS Cal Clone/Info.plist";
				LD_RUNPATH_SEARCH_PATHS = "$(inherited) @executable_path/Frameworks";
				PRODUCT_NAME = "$(TARGET_NAME)";
			};
			name = Debug;
		};
		E85734AC1A8C1FC4005941EF /* Release */ = {
			isa = XCBuildConfiguration;
			buildSettings = {
				ASSETCATALOG_COMPILER_APPICON_NAME = AppIcon;
				INFOPLIST_FILE = "IOS Cal Clone/Info.plist";
				LD_RUNPATH_SEARCH_PATHS = "$(inherited) @executable_path/Frameworks";
				PRODUCT_NAME = "$(TARGET_NAME)";
			};
			name = Release;
		};
		E85734AE1A8C1FC4005941EF /* Debug */ = {
			isa = XCBuildConfiguration;
			buildSettings = {
				BUNDLE_LOADER = "$(TEST_HOST)";
				FRAMEWORK_SEARCH_PATHS = (
					"$(SDKROOT)/Developer/Library/Frameworks",
					"$(inherited)",
				);
				GCC_PREPROCESSOR_DEFINITIONS = (
					"DEBUG=1",
					"$(inherited)",
				);
				INFOPLIST_FILE = "IOS Cal CloneTests/Info.plist";
				LD_RUNPATH_SEARCH_PATHS = "$(inherited) @executable_path/Frameworks @loader_path/Frameworks";
				PRODUCT_NAME = "$(TARGET_NAME)";
				TEST_HOST = "$(BUILT_PRODUCTS_DIR)/IOS Cal Clone.app/IOS Cal Clone";
			};
			name = Debug;
		};
		E85734AF1A8C1FC4005941EF /* Release */ = {
			isa = XCBuildConfiguration;
			buildSettings = {
				BUNDLE_LOADER = "$(TEST_HOST)";
				FRAMEWORK_SEARCH_PATHS = (
					"$(SDKROOT)/Developer/Library/Frameworks",
					"$(inherited)",
				);
				INFOPLIST_FILE = "IOS Cal CloneTests/Info.plist";
				LD_RUNPATH_SEARCH_PATHS = "$(inherited) @executable_path/Frameworks @loader_path/Frameworks";
				PRODUCT_NAME = "$(TARGET_NAME)";
				TEST_HOST = "$(BUILT_PRODUCTS_DIR)/IOS Cal Clone.app/IOS Cal Clone";
			};
			name = Release;
		};
/* End XCBuildConfiguration section */

/* Begin XCConfigurationList section */
		E85734861A8C1FC4005941EF /* Build configuration list for PBXProject "IOS Cal Clone" */ = {
			isa = XCConfigurationList;
			buildConfigurations = (
				E85734A81A8C1FC4005941EF /* Debug */,
				E85734A91A8C1FC4005941EF /* Release */,
			);
			defaultConfigurationIsVisible = 0;
			defaultConfigurationName = Release;
		};
		E85734AA1A8C1FC4005941EF /* Build configuration list for PBXNativeTarget "IOS Cal Clone" */ = {
			isa = XCConfigurationList;
			buildConfigurations = (
				E85734AB1A8C1FC4005941EF /* Debug */,
				E85734AC1A8C1FC4005941EF /* Release */,
			);
			defaultConfigurationIsVisible = 0;
		};
		E85734AD1A8C1FC4005941EF /* Build configuration list for PBXNativeTarget "IOS Cal CloneTests" */ = {
			isa = XCConfigurationList;
			buildConfigurations = (
				E85734AE1A8C1FC4005941EF /* Debug */,
				E85734AF1A8C1FC4005941EF /* Release */,
			);
			defaultConfigurationIsVisible = 0;
		};
/* End XCConfigurationList section */
	};
	rootObject = E85734831A8C1FC4005941EF /* Project object */;
}
